
Microsoft Visual Studio Solution File, Format Version 12.00
# Visual Studio Version 17
VisualStudioVersion = 17.5.002.0
MinimumVisualStudioVersion = 10.0.40219.1
Project("{2150E333-8FDC-42A3-9474-1A3956D46DE8}") = "backend", "backend", "{B6CEE354-D0E2-4333-A955-B4730B17E313}"
EndProject
Project("{9A19103F-16F7-4668-BE54-9A1E7A4F7556}") = "api", "backend\api\api.csproj", "{6ED35BE8-A55D-4A72-8AAC-2588A0B228EB}"
EndProject
Project("{9A19103F-16F7-4668-BE54-9A1E7A4F7556}") = "tests", "backend\tests\tests.csproj", "{546CBA02-38DA-4994-951B-FFC96CD8559A}"
EndProject
Global
	GlobalSection(SolutionConfigurationPlatforms) = preSolution
		Debug|Any CPU = Debug|Any CPU
		Release|Any CPU = Release|Any CPU
	EndGlobalSection
	GlobalSection(ProjectConfigurationPlatforms) = postSolution
		{6ED35BE8-A55D-4A72-8AAC-2588A0B228EB}.Debug|Any CPU.ActiveCfg = Debug|Any CPU
		{6ED35BE8-A55D-4A72-8AAC-2588A0B228EB}.Debug|Any CPU.Build.0 = Debug|Any CPU
		{6ED35BE8-A55D-4A72-8AAC-2588A0B228EB}.Release|Any CPU.ActiveCfg = Release|Any CPU
		{6ED35BE8-A55D-4A72-8AAC-2588A0B228EB}.Release|Any CPU.Build.0 = Release|Any CPU
		{546CBA02-38DA-4994-951B-FFC96CD8559A}.Debug|Any CPU.ActiveCfg = Debug|Any CPU
		{546CBA02-38DA-4994-951B-FFC96CD8559A}.Debug|Any CPU.Build.0 = Debug|Any CPU
		{546CBA02-38DA-4994-951B-FFC96CD8559A}.Release|Any CPU.ActiveCfg = Release|Any CPU
		{546CBA02-38DA-4994-951B-FFC96CD8559A}.Release|Any CPU.Build.0 = Release|Any CPU
	EndGlobalSection
	GlobalSection(SolutionProperties) = preSolution
		HideSolutionNode = FALSE
	EndGlobalSection
	GlobalSection(NestedProjects) = preSolution
		{6ED35BE8-A55D-4A72-8AAC-2588A0B228EB} = {B6CEE354-D0E2-4333-A955-B4730B17E313}
		{546CBA02-38DA-4994-951B-FFC96CD8559A} = {B6CEE354-D0E2-4333-A955-B4730B17E313}
	EndGlobalSection
	GlobalSection(ExtensibilityGlobals) = postSolution
		SolutionGuid = {5C4F8620-2D69-4BA6-A125-68C2F6A58C2E}
	EndGlobalSection
EndGlobal
